fragments/output_schema.txt  842b94bfab5d0d5b1f02ed6f7cfb14c4ba746c1144397d7dbb9bd362eb46efab
fragments/role.txt  95499bcfb2b752bc532c27c983c1f6d864c98a220bcf14ce434586a6ecfa03c5
fragments/rules_invariant.txt  3a689103a7f0b264c91dbb6612538d705b76df144704b5a949f593a6c444ed6f
opus_proposal_review_v1.txt  e0591dede2ce033d4f7eed557a7f6f966f6820862f8be7bcdbb894f255a6d9aa
schemas/no_trade_record.json  faaab5902407154eaac6d79567e0f3e92594e66643676be7412fe520da1ec6c8
schemas/opus_proposal_review.json  46c37f030ef5523ef0c470b33ca12f42ad99ac0922634853c8baa525cab87192
schemas/trade_proposal.json  e802b0a6e9885f3e518aae28dcf297ffebf3e743cf69cd97cf1206137548a9c8
sonnet_filing_analysis_v1.txt  24aceb8d055c398841f90136792b6a849fc3f09c912792cd95e74d49cac8043c
