fragments/output_schema.txt  842b94bfab5d0d5b1f02ed6f7cfb14c4ba746c1144397d7dbb9bd362eb46efab
fragments/role.txt  95499bcfb2b752bc532c27c983c1f6d864c98a220bcf14ce434586a6ecfa03c5
fragments/rules_invariant.txt  659dd21b37f4773c37cf47da98ec8dcf8931a7124d10c451dcdb989891c39c61
opus_proposal_review_v1.txt  59182a7da7614d4d678800fe952ffd4c825f83ac5bcf0fcf65f199dc304f6942
opus_proposal_review_v2.txt  ef8f7b84ecc352e73e149e3dfc0d016d76e0d7a2a6249e5bdc708e78889fdb64
opus_thesis_review_v1.txt  039ddce4751e59871817ef93b65b4d95bb014b4daf7298d72f87b50924545dd3
opus_thesis_review_v2.txt  bd0d61040c2919911a214ca40d5f218a643c29d2a218937d4ce145a8192d2ea2
schemas/no_trade_record.json  faaab5902407154eaac6d79567e0f3e92594e66643676be7412fe520da1ec6c8
schemas/opus_proposal_review.json  46c37f030ef5523ef0c470b33ca12f42ad99ac0922634853c8baa525cab87192
schemas/thesis_review.json  9be0612c915ed867db939eade538ab76ecf421c3c1120e53389c76c2dc69310c
schemas/thesis_review_v2.json  13c61ac62288d24a4a9860ed370a38b730110a404cbbfdb375a68c35a72da36e
schemas/trade_proposal.json  e802b0a6e9885f3e518aae28dcf297ffebf3e743cf69cd97cf1206137548a9c8
schemas/trade_proposal_v2.json  c6bcf2704db011c50f61fb6867d4dbf6003ce12b29af85b6502571fcb2ddd7d5
sonnet_filing_analysis_v1.txt  1e9ccec11b3203ae009fa06947f3ed3b811499c0ad6f4111fe4712dacd047869
sonnet_filing_analysis_v2.txt  26b6346efb5c911aa299de9ca1ac1da68905b14ebabb7fb6991da5024bd30b8b
